
Microsoft Visual Studio Solution File, Format Version 12.00
# Visual Studio 15
VisualStudioVersion = 15.0.27428.2002
MinimumVisualStudioVersion = 10.0.40219.1
Project("{FAE04EC0-301F-11D3-BF4B-00C04F79EFBC}") = "metod.Lab_3", "metod.Lab_3\metod.Lab_3.csproj", "{7F1524CF-0880-4E90-8AB9-C8A530419308}"
EndProject
Global
	GlobalSection(SolutionConfigurationPlatforms) = preSolution
		Debug|Any CPU = Debug|Any CPU
		Release|Any CPU = Release|Any CPU
	EndGlobalSection
	GlobalSection(ProjectConfigurationPlatforms) = postSolution
		{7F1524CF-0880-4E90-8AB9-C8A530419308}.Debug|Any CPU.ActiveCfg = Debug|Any CPU
		{7F1524CF-0880-4E90-8AB9-C8A530419308}.Debug|Any CPU.Build.0 = Debug|Any CPU
		{7F1524CF-0880-4E90-8AB9-C8A530419308}.Release|Any CPU.ActiveCfg = Release|Any CPU
		{7F1524CF-0880-4E90-8AB9-C8A530419308}.Release|Any CPU.Build.0 = Release|Any CPU
	EndGlobalSection
	GlobalSection(SolutionProperties) = preSolution
		HideSolutionNode = FALSE
	EndGlobalSection
	GlobalSection(ExtensibilityGlobals) = postSolution
		SolutionGuid = {0BEAA0D9-C2A2-4F72-BA48-1A184D76BC34}
	EndGlobalSection
EndGlobal
